{
  "name": "@common-ts-libs/launch-darkly-utils",
  "version": "1.0.3",
  "lockfileVersion": 2,
  "requires": true,
  "packages": {
    "": {
      "name": "@common-ts-libs/launch-darkly-utils",
      "version": "1.0.3",
      "license": "ISC",
      "dependencies": {
        "launchdarkly-react-client-sdk": "^3.0.9",
        "react": "^18.2.0",
        "react-dom": "^18.2.0",
        "ts-node": "^10.9.1"
      },
      "devDependencies": {
        "@types/node": "^20.8.10",
        "@types/react": "^18.2.35",
        "@types/react-dom": "^18.2.14",
        "typescript": "^5.2.2"
      }
    },
    "node_modules/@cspotcode/source-map-support": {
      "version": "0.8.1",
      "resolved": "https://raintree-libs-106367354196.d.codeartifact.us-east-1.amazonaws.com/npm/common-ts-libs/@cspotcode/source-map-support/-/source-map-support-0.8.1.tgz",
      "integrity": "sha512-IchNf6dN4tHoMFIn/7OE8LWZ19Y6q/67Bmf6vnGREv8RSbBVb9LPJxEcnwrcwX6ixSvaiGoomAUvu4YSxXrVgw==",
      "dependencies": {
        "@jridgewell/trace-mapping": "0.3.9"
      },
      "engines": {
        "node": ">=12"
      }
    },
    "node_modules/@jridgewell/resolve-uri": {
      "version": "3.1.1",
      "resolved": "https://raintree-libs-106367354196.d.codeartifact.us-east-1.amazonaws.com/npm/common-ts-libs/@jridgewell/resolve-uri/-/resolve-uri-3.1.1.tgz",
      "integrity": "sha512-dSYZh7HhCDtCKm4QakX0xFpsRDqjjtZf/kjI/v3T3Nwt5r8/qz/M19F9ySyOqU94SXBmeG9ttTul+YnR4LOxFA==",
      "engines": {
        "node": ">=6.0.0"
      }
    },
    "node_modules/@jridgewell/sourcemap-codec": {
      "version": "1.4.15",
      "resolved": "https://raintree-libs-106367354196.d.codeartifact.us-east-1.amazonaws.com/npm/common-ts-libs/@jridgewell/sourcemap-codec/-/sourcemap-codec-1.4.15.tgz",
      "integrity": "sha512-eF2rxCRulEKXHTRiDrDy6erMYWqNw4LPdQ8UQA4huuxaQsVeRPFl2oM8oDGxMFhJUWZf9McpLtJasDDZb/Bpeg=="
    },
    "node_modules/@jridgewell/trace-mapping": {
      "version": "0.3.9",
      "resolved": "https://raintree-libs-106367354196.d.codeartifact.us-east-1.amazonaws.com/npm/common-ts-libs/@jridgewell/trace-mapping/-/trace-mapping-0.3.9.tgz",
      "integrity": "sha512-3Belt6tdc8bPgAtbcmdtNJlirVoTmEb5e2gC94PnkwEW9jI6CAHUeoG85tjWP5WquqfavoMtMwiG4P926ZKKuQ==",
      "dependencies": {
        "@jridgewell/resolve-uri": "^3.0.3",
        "@jridgewell/sourcemap-codec": "^1.4.10"
      }
    },
    "node_modules/@tsconfig/node10": {
      "version": "1.0.9",
      "resolved": "https://raintree-libs-106367354196.d.codeartifact.us-east-1.amazonaws.com/npm/common-ts-libs/@tsconfig/node10/-/node10-1.0.9.tgz",
      "integrity": "sha512-jNsYVVxU8v5g43Erja32laIDHXeoNvFEpX33OK4d6hljo3jDhCBDhx5dhCCTMWUojscpAagGiRkBKxpdl9fxqA=="
    },
    "node_modules/@tsconfig/node12": {
      "version": "1.0.11",
      "resolved": "https://raintree-libs-106367354196.d.codeartifact.us-east-1.amazonaws.com/npm/common-ts-libs/@tsconfig/node12/-/node12-1.0.11.tgz",
      "integrity": "sha512-cqefuRsh12pWyGsIoBKJA9luFu3mRxCA+ORZvA4ktLSzIuCUtWVxGIuXigEwO5/ywWFMZ2QEGKWvkZG1zDMTag=="
    },
    "node_modules/@tsconfig/node14": {
      "version": "1.0.3",
      "resolved": "https://raintree-libs-106367354196.d.codeartifact.us-east-1.amazonaws.com/npm/common-ts-libs/@tsconfig/node14/-/node14-1.0.3.tgz",
      "integrity": "sha512-ysT8mhdixWK6Hw3i1V2AeRqZ5WfXg1G43mqoYlM2nc6388Fq5jcXyr5mRsqViLx/GJYdoL0bfXD8nmF+Zn/Iow=="
    },
    "node_modules/@tsconfig/node16": {
      "version": "1.0.4",
      "resolved": "https://raintree-libs-106367354196.d.codeartifact.us-east-1.amazonaws.com/npm/common-ts-libs/@tsconfig/node16/-/node16-1.0.4.tgz",
      "integrity": "sha512-vxhUy4J8lyeyinH7Azl1pdd43GJhZH/tP2weN8TntQblOY+A0XbT8DJk1/oCPuOOyg/Ja757rG0CgHcWC8OfMA=="
    },
    "node_modules/@types/node": {
      "version": "20.9.0",
      "resolved": "https://raintree-libs-106367354196.d.codeartifact.us-east-1.amazonaws.com/npm/common-ts-libs/@types/node/-/node-20.9.0.tgz",
      "integrity": "sha512-nekiGu2NDb1BcVofVcEKMIwzlx4NjHlcjhoxxKBNLtz15Y1z7MYf549DFvkHSId02Ax6kGwWntIBPC3l/JZcmw==",
      "dependencies": {
        "undici-types": "~5.26.4"
      }
    },
    "node_modules/@types/prop-types": {
      "version": "15.7.10",
      "resolved": "https://raintree-libs-106367354196.d.codeartifact.us-east-1.amazonaws.com/npm/common-ts-libs/@types/prop-types/-/prop-types-15.7.10.tgz",
      "integrity": "sha512-mxSnDQxPqsZxmeShFH+uwQ4kO4gcJcGahjjMFeLbKE95IAZiiZyiEepGZjtXJ7hN/yfu0bu9xN2ajcU0JcxX6A==",
      "dev": true
    },
    "node_modules/@types/react": {
      "version": "18.2.37",
      "resolved": "https://raintree-libs-106367354196.d.codeartifact.us-east-1.amazonaws.com/npm/common-ts-libs/@types/react/-/react-18.2.37.tgz",
      "integrity": "sha512-RGAYMi2bhRgEXT3f4B92WTohopH6bIXw05FuGlmJEnv/omEn190+QYEIYxIAuIBdKgboYYdVved2p1AxZVQnaw==",
      "dev": true,
      "dependencies": {
        "@types/prop-types": "*",
        "@types/scheduler": "*",
        "csstype": "^3.0.2"
      }
    },
    "node_modules/@types/react-dom": {
      "version": "18.2.15",
      "resolved": "https://raintree-libs-106367354196.d.codeartifact.us-east-1.amazonaws.com/npm/common-ts-libs/@types/react-dom/-/react-dom-18.2.15.tgz",
      "integrity": "sha512-HWMdW+7r7MR5+PZqJF6YFNSCtjz1T0dsvo/f1BV6HkV+6erD/nA7wd9NM00KVG83zf2nJ7uATPO9ttdIPvi3gg==",
      "dev": true,
      "dependencies": {
        "@types/react": "*"
      }
    },
    "node_modules/@types/scheduler": {
      "version": "0.16.6",
      "resolved": "https://raintree-libs-106367354196.d.codeartifact.us-east-1.amazonaws.com/npm/common-ts-libs/@types/scheduler/-/scheduler-0.16.6.tgz",
      "integrity": "sha512-Vlktnchmkylvc9SnwwwozTv04L/e1NykF5vgoQ0XTmI8DD+wxfjQuHuvHS3p0r2jz2x2ghPs2h1FVeDirIteWA==",
      "dev": true
    },
    "node_modules/acorn": {
      "version": "8.11.2",
      "resolved": "https://raintree-libs-106367354196.d.codeartifact.us-east-1.amazonaws.com/npm/common-ts-libs/acorn/-/acorn-8.11.2.tgz",
      "integrity": "sha512-nc0Axzp/0FILLEVsm4fNwLCwMttvhEI263QtVPQcbpfZZ3ts0hLsZGOpE6czNlid7CJ9MlyH8reXkpsf3YUY4w==",
      "bin": {
        "acorn": "bin/acorn"
      },
      "engines": {
        "node": ">=0.4.0"
      }
    },
    "node_modules/acorn-walk": {
      "version": "8.3.0",
      "resolved": "https://raintree-libs-106367354196.d.codeartifact.us-east-1.amazonaws.com/npm/common-ts-libs/acorn-walk/-/acorn-walk-8.3.0.tgz",
      "integrity": "sha512-FS7hV565M5l1R08MXqo8odwMTB02C2UqzB17RVgu9EyuYFBqJZ3/ZY97sQD5FewVu1UyDFc1yztUDrAwT0EypA==",
      "engines": {
        "node": ">=0.4.0"
      }
    },
    "node_modules/arg": {
      "version": "4.1.3",
      "resolved": "https://raintree-libs-106367354196.d.codeartifact.us-east-1.amazonaws.com/npm/common-ts-libs/arg/-/arg-4.1.3.tgz",
      "integrity": "sha512-58S9QDqG0Xx27YwPSt9fJxivjYl432YCwfDMfZ+71RAqUrZef7LrKQZ3LHLOwCS4FLNBplP533Zx895SeOCHvA=="
    },
    "node_modules/base64-js": {
      "version": "1.5.1",
      "resolved": "https://raintree-libs-106367354196.d.codeartifact.us-east-1.amazonaws.com/npm/common-ts-libs/base64-js/-/base64-js-1.5.1.tgz",
      "integrity": "sha512-AKpaYlHn8t4SVbOHCy+b5+KKgvR4vrsD8vbvrbiQJps7fKDTkjkDry6ji0rUJjC0kzbNePLwzxq8iypo41qeWA==",
      "funding": [
        {
          "type": "github",
          "url": "https://github.com/sponsors/feross"
        },
        {
          "type": "patreon",
          "url": "https://www.patreon.com/feross"
        },
        {
          "type": "consulting",
          "url": "https://feross.org/support"
        }
      ]
    },
    "node_modules/create-require": {
      "version": "1.1.1",
      "resolved": "https://raintree-libs-106367354196.d.codeartifact.us-east-1.amazonaws.com/npm/common-ts-libs/create-require/-/create-require-1.1.1.tgz",
      "integrity": "sha512-dcKFX3jn0MpIaXjisoRvexIJVEKzaq7z2rZKxf+MSr9TkdmHmsU4m2lcLojrj/FHl8mk5VxMmYA+ftRkP/3oKQ=="
    },
    "node_modules/csstype": {
      "version": "3.1.2",
      "resolved": "https://raintree-libs-106367354196.d.codeartifact.us-east-1.amazonaws.com/npm/common-ts-libs/csstype/-/csstype-3.1.2.tgz",
      "integrity": "sha512-I7K1Uu0MBPzaFKg4nI5Q7Vs2t+3gWWW648spaF+Rg7pI9ds18Ugn+lvg4SHczUdKlHI5LWBXyqfS8+DufyBsgQ==",
      "dev": true
    },
    "node_modules/diff": {
      "version": "4.0.2",
      "resolved": "https://raintree-libs-106367354196.d.codeartifact.us-east-1.amazonaws.com/npm/common-ts-libs/diff/-/diff-4.0.2.tgz",
      "integrity": "sha512-58lmxKSA4BNyLz+HHMUzlOEpg09FV+ev6ZMe3vJihgdxzgcwZ8VoEEPmALCZG9LmqfVoNMMKpttIYTVG6uDY7A==",
      "engines": {
        "node": ">=0.3.1"
      }
    },
    "node_modules/escape-string-regexp": {
      "version": "4.0.0",
      "resolved": "https://raintree-libs-106367354196.d.codeartifact.us-east-1.amazonaws.com/npm/common-ts-libs/escape-string-regexp/-/escape-string-regexp-4.0.0.tgz",
      "integrity": "sha512-TtpcNJ3XAzx3Gq8sWRzJaVajRs0uVxA2YAkdb1jm2YkPz4G6egUFAyA3n5vtEIZefPk5Wa4UXbKuS5fKkJWdgA==",
      "engines": {
        "node": ">=10"
      },
      "funding": {
        "url": "https://github.com/sponsors/sindresorhus"
      }
    },
    "node_modules/fast-deep-equal": {
      "version": "2.0.1",
      "resolved": "https://raintree-libs-106367354196.d.codeartifact.us-east-1.amazonaws.com/npm/common-ts-libs/fast-deep-equal/-/fast-deep-equal-2.0.1.tgz",
      "integrity": "sha512-bCK/2Z4zLidyB4ReuIsvALH6w31YfAQDmXMqMx6FyfHqvBxtjC0eRumeSu4Bs3XtXwpyIywtSTrVT99BxY1f9w=="
    },
    "node_modules/hoist-non-react-statics": {
      "version": "3.3.2",
      "resolved": "https://raintree-libs-106367354196.d.codeartifact.us-east-1.amazonaws.com/npm/common-ts-libs/hoist-non-react-statics/-/hoist-non-react-statics-3.3.2.tgz",
      "integrity": "sha512-/gGivxi8JPKWNm/W0jSmzcMPpfpPLc3dY/6GxhX2hQ9iGj3aDfklV4ET7NjKpSinLpJ5vafa9iiGIEZg10SfBw==",
      "dependencies": {
        "react-is": "^16.7.0"
      }
    },
    "node_modules/js-tokens": {
      "version": "4.0.0",
      "resolved": "https://raintree-libs-106367354196.d.codeartifact.us-east-1.amazonaws.com/npm/common-ts-libs/js-tokens/-/js-tokens-4.0.0.tgz",
      "integrity": "sha512-RdJUflcE3cUzKiMqQgsCu06FPu9UdIJO0beYbPhHN4k6apgJtifcoCtT9bcxOpYBtpD2kCM6Sbzg4CausW/PKQ=="
    },
    "node_modules/launchdarkly-js-client-sdk": {
      "version": "3.1.4",
      "resolved": "https://raintree-libs-106367354196.d.codeartifact.us-east-1.amazonaws.com/npm/common-ts-libs/launchdarkly-js-client-sdk/-/launchdarkly-js-client-sdk-3.1.4.tgz",
      "integrity": "sha512-yq0FeklpVuHMSRz7jfUAfyM7I/659RvGztqJ0Y9G5eN/ZrG1o2W61ZU0Nrv/gqZCtLXjarh/u1otxSFFBjTpHw==",
      "dependencies": {
        "escape-string-regexp": "^4.0.0",
        "launchdarkly-js-sdk-common": "5.0.3"
      }
    },
    "node_modules/launchdarkly-js-sdk-common": {
      "version": "5.0.3",
      "resolved": "https://raintree-libs-106367354196.d.codeartifact.us-east-1.amazonaws.com/npm/common-ts-libs/launchdarkly-js-sdk-common/-/launchdarkly-js-sdk-common-5.0.3.tgz",
      "integrity": "sha512-wKG8UsVbPVq8+7eavgAm5CVmulQWN6Ddod2ZoA3euZ1zPvJPwIQ2GrOYaCJr3cFrrMIX+nQyBJHBHYxUAPcM+Q==",
      "dependencies": {
        "base64-js": "^1.3.0",
        "fast-deep-equal": "^2.0.1",
        "uuid": "^8.0.0"
      }
    },
    "node_modules/launchdarkly-react-client-sdk": {
      "version": "3.0.9",
      "resolved": "https://raintree-libs-106367354196.d.codeartifact.us-east-1.amazonaws.com/npm/common-ts-libs/launchdarkly-react-client-sdk/-/launchdarkly-react-client-sdk-3.0.9.tgz",
      "integrity": "sha512-U7STCSINfL698jI7tpUnvWc7iqsnkAdCV8rAGz3oeQB+BMn4SJ0yjpf5OA9I2pKdh7u+SlWJST/gz657tSUdVA==",
      "dependencies": {
        "hoist-non-react-statics": "^3.3.2",
        "launchdarkly-js-client-sdk": "^3.1.3",
        "lodash.camelcase": "^4.3.0"
      },
      "peerDependencies": {
        "react": "^16.6.3 || ^17.0.0 || ^18.0.0",
        "react-dom": "^16.8.4 || ^17.0.0 || ^18.0.0"
      }
    },
    "node_modules/lodash.camelcase": {
      "version": "4.3.0",
      "resolved": "https://raintree-libs-106367354196.d.codeartifact.us-east-1.amazonaws.com/npm/common-ts-libs/lodash.camelcase/-/lodash.camelcase-4.3.0.tgz",
      "integrity": "sha512-TwuEnCnxbc3rAvhf/LbG7tJUDzhqXyFnv3dtzLOPgCG/hODL7WFnsbwktkD7yUV0RrreP/l1PALq/YSg6VvjlA=="
    },
    "node_modules/loose-envify": {
      "version": "1.4.0",
      "resolved": "https://raintree-libs-106367354196.d.codeartifact.us-east-1.amazonaws.com/npm/common-ts-libs/loose-envify/-/loose-envify-1.4.0.tgz",
      "integrity": "sha512-lyuxPGr/Wfhrlem2CL/UcnUc1zcqKAImBDzukY7Y5F/yQiNdko6+fRLevlw1HgMySw7f611UIY408EtxRSoK3Q==",
      "dependencies": {
        "js-tokens": "^3.0.0 || ^4.0.0"
      },
      "bin": {
        "loose-envify": "cli.js"
      }
    },
    "node_modules/make-error": {
      "version": "1.3.6",
      "resolved": "https://raintree-libs-106367354196.d.codeartifact.us-east-1.amazonaws.com/npm/common-ts-libs/make-error/-/make-error-1.3.6.tgz",
      "integrity": "sha512-s8UhlNe7vPKomQhC1qFelMokr/Sc3AgNbso3n74mVPA5LTZwkB9NlXf4XPamLxJE8h0gh73rM94xvwRT2CVInw=="
    },
    "node_modules/react": {
      "version": "18.2.0",
      "resolved": "https://raintree-libs-106367354196.d.codeartifact.us-east-1.amazonaws.com/npm/common-ts-libs/react/-/react-18.2.0.tgz",
      "integrity": "sha512-/3IjMdb2L9QbBdWiW5e3P2/npwMBaU9mHCSCUzNln0ZCYbcfTsGbTJrU/kGemdH2IWmB2ioZ+zkxtmq6g09fGQ==",
      "dependencies": {
        "loose-envify": "^1.1.0"
      },
      "engines": {
        "node": ">=0.10.0"
      }
    },
    "node_modules/react-dom": {
      "version": "18.2.0",
      "resolved": "https://raintree-libs-106367354196.d.codeartifact.us-east-1.amazonaws.com/npm/common-ts-libs/react-dom/-/react-dom-18.2.0.tgz",
      "integrity": "sha512-6IMTriUmvsjHUjNtEDudZfuDQUoWXVxKHhlEGSk81n4YFS+r/Kl99wXiwlVXtPBtJenozv2P+hxDsw9eA7Xo6g==",
      "dependencies": {
        "loose-envify": "^1.1.0",
        "scheduler": "^0.23.0"
      },
      "peerDependencies": {
        "react": "^18.2.0"
      }
    },
    "node_modules/react-is": {
      "version": "16.13.1",
      "resolved": "https://raintree-libs-106367354196.d.codeartifact.us-east-1.amazonaws.com/npm/common-ts-libs/react-is/-/react-is-16.13.1.tgz",
      "integrity": "sha512-24e6ynE2H+OKt4kqsOvNd8kBpV65zoxbA4BVsEOB3ARVWQki/DHzaUoC5KuON/BiccDaCCTZBuOcfZs70kR8bQ=="
    },
    "node_modules/scheduler": {
      "version": "0.23.0",
      "resolved": "https://raintree-libs-106367354196.d.codeartifact.us-east-1.amazonaws.com/npm/common-ts-libs/scheduler/-/scheduler-0.23.0.tgz",
      "integrity": "sha512-CtuThmgHNg7zIZWAXi3AsyIzA3n4xx7aNyjwC2VJldO2LMVDhFK+63xGqq6CsJH4rTAt6/M+N4GhZiDYPx9eUw==",
      "dependencies": {
        "loose-envify": "^1.1.0"
      }
    },
    "node_modules/ts-node": {
      "version": "10.9.1",
      "resolved": "https://raintree-libs-106367354196.d.codeartifact.us-east-1.amazonaws.com/npm/common-ts-libs/ts-node/-/ts-node-10.9.1.tgz",
      "integrity": "sha512-NtVysVPkxxrwFGUUxGYhfux8k78pQB3JqYBXlLRZgdGUqTO5wU/UyHop5p70iEbGhB7q5KmiZiU0Y3KlJrScEw==",
      "dependencies": {
        "@cspotcode/source-map-support": "^0.8.0",
        "@tsconfig/node10": "^1.0.7",
        "@tsconfig/node12": "^1.0.7",
        "@tsconfig/node14": "^1.0.0",
        "@tsconfig/node16": "^1.0.2",
        "acorn": "^8.4.1",
        "acorn-walk": "^8.1.1",
        "arg": "^4.1.0",
        "create-require": "^1.1.0",
        "diff": "^4.0.1",
        "make-error": "^1.1.1",
        "v8-compile-cache-lib": "^3.0.1",
        "yn": "3.1.1"
      },
      "bin": {
        "ts-node": "dist/bin.js",
        "ts-node-cwd": "dist/bin-cwd.js",
        "ts-node-esm": "dist/bin-esm.js",
        "ts-node-script": "dist/bin-script.js",
        "ts-node-transpile-only": "dist/bin-transpile.js",
        "ts-script": "dist/bin-script-deprecated.js"
      },
      "peerDependencies": {
        "@swc/core": ">=1.2.50",
        "@swc/wasm": ">=1.2.50",
        "@types/node": "*",
        "typescript": ">=2.7"
      },
      "peerDependenciesMeta": {
        "@swc/core": {
          "optional": true
        },
        "@swc/wasm": {
          "optional": true
        }
      }
    },
    "node_modules/typescript": {
      "version": "5.2.2",
      "resolved": "https://raintree-libs-106367354196.d.codeartifact.us-east-1.amazonaws.com/npm/common-ts-libs/typescript/-/typescript-5.2.2.tgz",
      "integrity": "sha512-mI4WrpHsbCIcwT9cF4FZvr80QUeKvsUsUvKDoR+X/7XHQH98xYD8YHZg7ANtz2GtZt/CBq2QJ0thkGJMHfqc1w==",
      "bin": {
        "tsc": "bin/tsc",
        "tsserver": "bin/tsserver"
      },
      "engines": {
        "node": ">=14.17"
      }
    },
    "node_modules/undici-types": {
      "version": "5.26.5",
      "resolved": "https://raintree-libs-106367354196.d.codeartifact.us-east-1.amazonaws.com/npm/common-ts-libs/undici-types/-/undici-types-5.26.5.tgz",
      "integrity": "sha512-JlCMO+ehdEIKqlFxk6IfVoAUVmgz7cU7zD/h9XZ0qzeosSHmUJVOzSQvvYSYWXkFXC+IfLKSIffhv0sVZup6pA=="
    },
    "node_modules/uuid": {
      "version": "8.3.2",
      "resolved": "https://raintree-libs-106367354196.d.codeartifact.us-east-1.amazonaws.com/npm/common-ts-libs/uuid/-/uuid-8.3.2.tgz",
      "integrity": "sha512-+NYs2QeMWy+GWFOEm9xnn6HCDp0l7QBD7ml8zLUmJ+93Q5NF0NocErnwkTkXVFNiX3/fpC6afS8Dhb/gz7R7eg==",
      "bin": {
        "uuid": "dist/bin/uuid"
      }
    },
    "node_modules/v8-compile-cache-lib": {
      "version": "3.0.1",
      "resolved": "https://raintree-libs-106367354196.d.codeartifact.us-east-1.amazonaws.com/npm/common-ts-libs/v8-compile-cache-lib/-/v8-compile-cache-lib-3.0.1.tgz",
      "integrity": "sha512-wa7YjyUGfNZngI/vtK0UHAN+lgDCxBPCylVXGp0zu59Fz5aiGtNXaq3DhIov063MorB+VfufLh3JlF2KdTK3xg=="
    },
    "node_modules/yn": {
      "version": "3.1.1",
      "resolved": "https://raintree-libs-106367354196.d.codeartifact.us-east-1.amazonaws.com/npm/common-ts-libs/yn/-/yn-3.1.1.tgz",
      "integrity": "sha512-Ux4ygGWsu2c7isFWe8Yu1YluJmqVhxqK2cLXNQA5AcC3QfbGNpM7fu0Y8b/z16pXLnFxZYvWhd3fhBY9DLmC6Q==",
      "engines": {
        "node": ">=6"
      }
    }
  },
  "dependencies": {
    "@cspotcode/source-map-support": {
      "version": "0.8.1",
      "resolved": "https://raintree-libs-106367354196.d.codeartifact.us-east-1.amazonaws.com/npm/common-ts-libs/@cspotcode/source-map-support/-/source-map-support-0.8.1.tgz",
      "integrity": "sha512-IchNf6dN4tHoMFIn/7OE8LWZ19Y6q/67Bmf6vnGREv8RSbBVb9LPJxEcnwrcwX6ixSvaiGoomAUvu4YSxXrVgw==",
      "requires": {
        "@jridgewell/trace-mapping": "0.3.9"
      }
    },
    "@jridgewell/resolve-uri": {
      "version": "3.1.1",
      "resolved": "https://raintree-libs-106367354196.d.codeartifact.us-east-1.amazonaws.com/npm/common-ts-libs/@jridgewell/resolve-uri/-/resolve-uri-3.1.1.tgz",
      "integrity": "sha512-dSYZh7HhCDtCKm4QakX0xFpsRDqjjtZf/kjI/v3T3Nwt5r8/qz/M19F9ySyOqU94SXBmeG9ttTul+YnR4LOxFA=="
    },
    "@jridgewell/sourcemap-codec": {
      "version": "1.4.15",
      "resolved": "https://raintree-libs-106367354196.d.codeartifact.us-east-1.amazonaws.com/npm/common-ts-libs/@jridgewell/sourcemap-codec/-/sourcemap-codec-1.4.15.tgz",
      "integrity": "sha512-eF2rxCRulEKXHTRiDrDy6erMYWqNw4LPdQ8UQA4huuxaQsVeRPFl2oM8oDGxMFhJUWZf9McpLtJasDDZb/Bpeg=="
    },
    "@jridgewell/trace-mapping": {
      "version": "0.3.9",
      "resolved": "https://raintree-libs-106367354196.d.codeartifact.us-east-1.amazonaws.com/npm/common-ts-libs/@jridgewell/trace-mapping/-/trace-mapping-0.3.9.tgz",
      "integrity": "sha512-3Belt6tdc8bPgAtbcmdtNJlirVoTmEb5e2gC94PnkwEW9jI6CAHUeoG85tjWP5WquqfavoMtMwiG4P926ZKKuQ==",
      "requires": {
        "@jridgewell/resolve-uri": "^3.0.3",
        "@jridgewell/sourcemap-codec": "^1.4.10"
      }
    },
    "@tsconfig/node10": {
      "version": "1.0.9",
      "resolved": "https://raintree-libs-106367354196.d.codeartifact.us-east-1.amazonaws.com/npm/common-ts-libs/@tsconfig/node10/-/node10-1.0.9.tgz",
      "integrity": "sha512-jNsYVVxU8v5g43Erja32laIDHXeoNvFEpX33OK4d6hljo3jDhCBDhx5dhCCTMWUojscpAagGiRkBKxpdl9fxqA=="
    },
    "@tsconfig/node12": {
      "version": "1.0.11",
      "resolved": "https://raintree-libs-106367354196.d.codeartifact.us-east-1.amazonaws.com/npm/common-ts-libs/@tsconfig/node12/-/node12-1.0.11.tgz",
      "integrity": "sha512-cqefuRsh12pWyGsIoBKJA9luFu3mRxCA+ORZvA4ktLSzIuCUtWVxGIuXigEwO5/ywWFMZ2QEGKWvkZG1zDMTag=="
    },
    "@tsconfig/node14": {
      "version": "1.0.3",
      "resolved": "https://raintree-libs-106367354196.d.codeartifact.us-east-1.amazonaws.com/npm/common-ts-libs/@tsconfig/node14/-/node14-1.0.3.tgz",
      "integrity": "sha512-ysT8mhdixWK6Hw3i1V2AeRqZ5WfXg1G43mqoYlM2nc6388Fq5jcXyr5mRsqViLx/GJYdoL0bfXD8nmF+Zn/Iow=="
    },
    "@tsconfig/node16": {
      "version": "1.0.4",
      "resolved": "https://raintree-libs-106367354196.d.codeartifact.us-east-1.amazonaws.com/npm/common-ts-libs/@tsconfig/node16/-/node16-1.0.4.tgz",
      "integrity": "sha512-vxhUy4J8lyeyinH7Azl1pdd43GJhZH/tP2weN8TntQblOY+A0XbT8DJk1/oCPuOOyg/Ja757rG0CgHcWC8OfMA=="
    },
    "@types/node": {
      "version": "20.9.0",
      "resolved": "https://raintree-libs-106367354196.d.codeartifact.us-east-1.amazonaws.com/npm/common-ts-libs/@types/node/-/node-20.9.0.tgz",
      "integrity": "sha512-nekiGu2NDb1BcVofVcEKMIwzlx4NjHlcjhoxxKBNLtz15Y1z7MYf549DFvkHSId02Ax6kGwWntIBPC3l/JZcmw==",
      "requires": {
        "undici-types": "~5.26.4"
      }
    },
    "@types/prop-types": {
      "version": "15.7.10",
      "resolved": "https://raintree-libs-106367354196.d.codeartifact.us-east-1.amazonaws.com/npm/common-ts-libs/@types/prop-types/-/prop-types-15.7.10.tgz",
      "integrity": "sha512-mxSnDQxPqsZxmeShFH+uwQ4kO4gcJcGahjjMFeLbKE95IAZiiZyiEepGZjtXJ7hN/yfu0bu9xN2ajcU0JcxX6A==",
      "dev": true
    },
    "@types/react": {
      "version": "18.2.37",
      "resolved": "https://raintree-libs-106367354196.d.codeartifact.us-east-1.amazonaws.com/npm/common-ts-libs/@types/react/-/react-18.2.37.tgz",
      "integrity": "sha512-RGAYMi2bhRgEXT3f4B92WTohopH6bIXw05FuGlmJEnv/omEn190+QYEIYxIAuIBdKgboYYdVved2p1AxZVQnaw==",
      "dev": true,
      "requires": {
        "@types/prop-types": "*",
        "@types/scheduler": "*",
        "csstype": "^3.0.2"
      }
    },
    "@types/react-dom": {
      "version": "18.2.15",
      "resolved": "https://raintree-libs-106367354196.d.codeartifact.us-east-1.amazonaws.com/npm/common-ts-libs/@types/react-dom/-/react-dom-18.2.15.tgz",
      "integrity": "sha512-HWMdW+7r7MR5+PZqJF6YFNSCtjz1T0dsvo/f1BV6HkV+6erD/nA7wd9NM00KVG83zf2nJ7uATPO9ttdIPvi3gg==",
      "dev": true,
      "requires": {
        "@types/react": "*"
      }
    },
    "@types/scheduler": {
      "version": "0.16.6",
      "resolved": "https://raintree-libs-106367354196.d.codeartifact.us-east-1.amazonaws.com/npm/common-ts-libs/@types/scheduler/-/scheduler-0.16.6.tgz",
      "integrity": "sha512-Vlktnchmkylvc9SnwwwozTv04L/e1NykF5vgoQ0XTmI8DD+wxfjQuHuvHS3p0r2jz2x2ghPs2h1FVeDirIteWA==",
      "dev": true
    },
    "acorn": {
      "version": "8.11.2",
      "resolved": "https://raintree-libs-106367354196.d.codeartifact.us-east-1.amazonaws.com/npm/common-ts-libs/acorn/-/acorn-8.11.2.tgz",
      "integrity": "sha512-nc0Axzp/0FILLEVsm4fNwLCwMttvhEI263QtVPQcbpfZZ3ts0hLsZGOpE6czNlid7CJ9MlyH8reXkpsf3YUY4w=="
    },
    "acorn-walk": {
      "version": "8.3.0",
      "resolved": "https://raintree-libs-106367354196.d.codeartifact.us-east-1.amazonaws.com/npm/common-ts-libs/acorn-walk/-/acorn-walk-8.3.0.tgz",
      "integrity": "sha512-FS7hV565M5l1R08MXqo8odwMTB02C2UqzB17RVgu9EyuYFBqJZ3/ZY97sQD5FewVu1UyDFc1yztUDrAwT0EypA=="
    },
    "arg": {
      "version": "4.1.3",
      "resolved": "https://raintree-libs-106367354196.d.codeartifact.us-east-1.amazonaws.com/npm/common-ts-libs/arg/-/arg-4.1.3.tgz",
      "integrity": "sha512-58S9QDqG0Xx27YwPSt9fJxivjYl432YCwfDMfZ+71RAqUrZef7LrKQZ3LHLOwCS4FLNBplP533Zx895SeOCHvA=="
    },
    "base64-js": {
      "version": "1.5.1",
      "resolved": "https://raintree-libs-106367354196.d.codeartifact.us-east-1.amazonaws.com/npm/common-ts-libs/base64-js/-/base64-js-1.5.1.tgz",
      "integrity": "sha512-AKpaYlHn8t4SVbOHCy+b5+KKgvR4vrsD8vbvrbiQJps7fKDTkjkDry6ji0rUJjC0kzbNePLwzxq8iypo41qeWA=="
    },
    "create-require": {
      "version": "1.1.1",
      "resolved": "https://raintree-libs-106367354196.d.codeartifact.us-east-1.amazonaws.com/npm/common-ts-libs/create-require/-/create-require-1.1.1.tgz",
      "integrity": "sha512-dcKFX3jn0MpIaXjisoRvexIJVEKzaq7z2rZKxf+MSr9TkdmHmsU4m2lcLojrj/FHl8mk5VxMmYA+ftRkP/3oKQ=="
    },
    "csstype": {
      "version": "3.1.2",
      "resolved": "https://raintree-libs-106367354196.d.codeartifact.us-east-1.amazonaws.com/npm/common-ts-libs/csstype/-/csstype-3.1.2.tgz",
      "integrity": "sha512-I7K1Uu0MBPzaFKg4nI5Q7Vs2t+3gWWW648spaF+Rg7pI9ds18Ugn+lvg4SHczUdKlHI5LWBXyqfS8+DufyBsgQ==",
      "dev": true
    },
    "diff": {
      "version": "4.0.2",
      "resolved": "https://raintree-libs-106367354196.d.codeartifact.us-east-1.amazonaws.com/npm/common-ts-libs/diff/-/diff-4.0.2.tgz",
      "integrity": "sha512-58lmxKSA4BNyLz+HHMUzlOEpg09FV+ev6ZMe3vJihgdxzgcwZ8VoEEPmALCZG9LmqfVoNMMKpttIYTVG6uDY7A=="
    },
    "escape-string-regexp": {
      "version": "4.0.0",
      "resolved": "https://raintree-libs-106367354196.d.codeartifact.us-east-1.amazonaws.com/npm/common-ts-libs/escape-string-regexp/-/escape-string-regexp-4.0.0.tgz",
      "integrity": "sha512-TtpcNJ3XAzx3Gq8sWRzJaVajRs0uVxA2YAkdb1jm2YkPz4G6egUFAyA3n5vtEIZefPk5Wa4UXbKuS5fKkJWdgA=="
    },
    "fast-deep-equal": {
      "version": "2.0.1",
      "resolved": "https://raintree-libs-106367354196.d.codeartifact.us-east-1.amazonaws.com/npm/common-ts-libs/fast-deep-equal/-/fast-deep-equal-2.0.1.tgz",
      "integrity": "sha512-bCK/2Z4zLidyB4ReuIsvALH6w31YfAQDmXMqMx6FyfHqvBxtjC0eRumeSu4Bs3XtXwpyIywtSTrVT99BxY1f9w=="
    },
    "hoist-non-react-statics": {
      "version": "3.3.2",
      "resolved": "https://raintree-libs-106367354196.d.codeartifact.us-east-1.amazonaws.com/npm/common-ts-libs/hoist-non-react-statics/-/hoist-non-react-statics-3.3.2.tgz",
      "integrity": "sha512-/gGivxi8JPKWNm/W0jSmzcMPpfpPLc3dY/6GxhX2hQ9iGj3aDfklV4ET7NjKpSinLpJ5vafa9iiGIEZg10SfBw==",
      "requires": {
        "react-is": "^16.7.0"
      }
    },
    "js-tokens": {
      "version": "4.0.0",
      "resolved": "https://raintree-libs-106367354196.d.codeartifact.us-east-1.amazonaws.com/npm/common-ts-libs/js-tokens/-/js-tokens-4.0.0.tgz",
      "integrity": "sha512-RdJUflcE3cUzKiMqQgsCu06FPu9UdIJO0beYbPhHN4k6apgJtifcoCtT9bcxOpYBtpD2kCM6Sbzg4CausW/PKQ=="
    },
    "launchdarkly-js-client-sdk": {
      "version": "3.1.4",
      "resolved": "https://raintree-libs-106367354196.d.codeartifact.us-east-1.amazonaws.com/npm/common-ts-libs/launchdarkly-js-client-sdk/-/launchdarkly-js-client-sdk-3.1.4.tgz",
      "integrity": "sha512-yq0FeklpVuHMSRz7jfUAfyM7I/659RvGztqJ0Y9G5eN/ZrG1o2W61ZU0Nrv/gqZCtLXjarh/u1otxSFFBjTpHw==",
      "requires": {
        "escape-string-regexp": "^4.0.0",
        "launchdarkly-js-sdk-common": "5.0.3"
      }
    },
    "launchdarkly-js-sdk-common": {
      "version": "5.0.3",
      "resolved": "https://raintree-libs-106367354196.d.codeartifact.us-east-1.amazonaws.com/npm/common-ts-libs/launchdarkly-js-sdk-common/-/launchdarkly-js-sdk-common-5.0.3.tgz",
      "integrity": "sha512-wKG8UsVbPVq8+7eavgAm5CVmulQWN6Ddod2ZoA3euZ1zPvJPwIQ2GrOYaCJr3cFrrMIX+nQyBJHBHYxUAPcM+Q==",
      "requires": {
        "base64-js": "^1.3.0",
        "fast-deep-equal": "^2.0.1",
        "uuid": "^8.0.0"
      }
    },
    "launchdarkly-react-client-sdk": {
      "version": "3.0.9",
      "resolved": "https://raintree-libs-106367354196.d.codeartifact.us-east-1.amazonaws.com/npm/common-ts-libs/launchdarkly-react-client-sdk/-/launchdarkly-react-client-sdk-3.0.9.tgz",
      "integrity": "sha512-U7STCSINfL698jI7tpUnvWc7iqsnkAdCV8rAGz3oeQB+BMn4SJ0yjpf5OA9I2pKdh7u+SlWJST/gz657tSUdVA==",
      "requires": {
        "hoist-non-react-statics": "^3.3.2",
        "launchdarkly-js-client-sdk": "^3.1.3",
        "lodash.camelcase": "^4.3.0"
      }
    },
    "lodash.camelcase": {
      "version": "4.3.0",
      "resolved": "https://raintree-libs-106367354196.d.codeartifact.us-east-1.amazonaws.com/npm/common-ts-libs/lodash.camelcase/-/lodash.camelcase-4.3.0.tgz",
      "integrity": "sha512-TwuEnCnxbc3rAvhf/LbG7tJUDzhqXyFnv3dtzLOPgCG/hODL7WFnsbwktkD7yUV0RrreP/l1PALq/YSg6VvjlA=="
    },
    "loose-envify": {
      "version": "1.4.0",
      "resolved": "https://raintree-libs-106367354196.d.codeartifact.us-east-1.amazonaws.com/npm/common-ts-libs/loose-envify/-/loose-envify-1.4.0.tgz",
      "integrity": "sha512-lyuxPGr/Wfhrlem2CL/UcnUc1zcqKAImBDzukY7Y5F/yQiNdko6+fRLevlw1HgMySw7f611UIY408EtxRSoK3Q==",
      "requires": {
        "js-tokens": "^3.0.0 || ^4.0.0"
      }
    },
    "make-error": {
      "version": "1.3.6",
      "resolved": "https://raintree-libs-106367354196.d.codeartifact.us-east-1.amazonaws.com/npm/common-ts-libs/make-error/-/make-error-1.3.6.tgz",
      "integrity": "sha512-s8UhlNe7vPKomQhC1qFelMokr/Sc3AgNbso3n74mVPA5LTZwkB9NlXf4XPamLxJE8h0gh73rM94xvwRT2CVInw=="
    },
    "react": {
      "version": "18.2.0",
      "resolved": "https://raintree-libs-106367354196.d.codeartifact.us-east-1.amazonaws.com/npm/common-ts-libs/react/-/react-18.2.0.tgz",
      "integrity": "sha512-/3IjMdb2L9QbBdWiW5e3P2/npwMBaU9mHCSCUzNln0ZCYbcfTsGbTJrU/kGemdH2IWmB2ioZ+zkxtmq6g09fGQ==",
      "requires": {
        "loose-envify": "^1.1.0"
      }
    },
    "react-dom": {
      "version": "18.2.0",
      "resolved": "https://raintree-libs-106367354196.d.codeartifact.us-east-1.amazonaws.com/npm/common-ts-libs/react-dom/-/react-dom-18.2.0.tgz",
      "integrity": "sha512-6IMTriUmvsjHUjNtEDudZfuDQUoWXVxKHhlEGSk81n4YFS+r/Kl99wXiwlVXtPBtJenozv2P+hxDsw9eA7Xo6g==",
      "requires": {
        "loose-envify": "^1.1.0",
        "scheduler": "^0.23.0"
      }
    },
    "react-is": {
      "version": "16.13.1",
      "resolved": "https://raintree-libs-106367354196.d.codeartifact.us-east-1.amazonaws.com/npm/common-ts-libs/react-is/-/react-is-16.13.1.tgz",
      "integrity": "sha512-24e6ynE2H+OKt4kqsOvNd8kBpV65zoxbA4BVsEOB3ARVWQki/DHzaUoC5KuON/BiccDaCCTZBuOcfZs70kR8bQ=="
    },
    "scheduler": {
      "version": "0.23.0",
      "resolved": "https://raintree-libs-106367354196.d.codeartifact.us-east-1.amazonaws.com/npm/common-ts-libs/scheduler/-/scheduler-0.23.0.tgz",
      "integrity": "sha512-CtuThmgHNg7zIZWAXi3AsyIzA3n4xx7aNyjwC2VJldO2LMVDhFK+63xGqq6CsJH4rTAt6/M+N4GhZiDYPx9eUw==",
      "requires": {
        "loose-envify": "^1.1.0"
      }
    },
    "ts-node": {
      "version": "10.9.1",
      "resolved": "https://raintree-libs-106367354196.d.codeartifact.us-east-1.amazonaws.com/npm/common-ts-libs/ts-node/-/ts-node-10.9.1.tgz",
      "integrity": "sha512-NtVysVPkxxrwFGUUxGYhfux8k78pQB3JqYBXlLRZgdGUqTO5wU/UyHop5p70iEbGhB7q5KmiZiU0Y3KlJrScEw==",
      "requires": {
        "@cspotcode/source-map-support": "^0.8.0",
        "@tsconfig/node10": "^1.0.7",
        "@tsconfig/node12": "^1.0.7",
        "@tsconfig/node14": "^1.0.0",
        "@tsconfig/node16": "^1.0.2",
        "acorn": "^8.4.1",
        "acorn-walk": "^8.1.1",
        "arg": "^4.1.0",
        "create-require": "^1.1.0",
        "diff": "^4.0.1",
        "make-error": "^1.1.1",
        "v8-compile-cache-lib": "^3.0.1",
        "yn": "3.1.1"
      }
    },
    "typescript": {
      "version": "5.2.2",
      "resolved": "https://raintree-libs-106367354196.d.codeartifact.us-east-1.amazonaws.com/npm/common-ts-libs/typescript/-/typescript-5.2.2.tgz",
      "integrity": "sha512-mI4WrpHsbCIcwT9cF4FZvr80QUeKvsUsUvKDoR+X/7XHQH98xYD8YHZg7ANtz2GtZt/CBq2QJ0thkGJMHfqc1w=="
    },
    "undici-types": {
      "version": "5.26.5",
      "resolved": "https://raintree-libs-106367354196.d.codeartifact.us-east-1.amazonaws.com/npm/common-ts-libs/undici-types/-/undici-types-5.26.5.tgz",
      "integrity": "sha512-JlCMO+ehdEIKqlFxk6IfVoAUVmgz7cU7zD/h9XZ0qzeosSHmUJVOzSQvvYSYWXkFXC+IfLKSIffhv0sVZup6pA=="
    },
    "uuid": {
      "version": "8.3.2",
      "resolved": "https://raintree-libs-106367354196.d.codeartifact.us-east-1.amazonaws.com/npm/common-ts-libs/uuid/-/uuid-8.3.2.tgz",
      "integrity": "sha512-+NYs2QeMWy+GWFOEm9xnn6HCDp0l7QBD7ml8zLUmJ+93Q5NF0NocErnwkTkXVFNiX3/fpC6afS8Dhb/gz7R7eg=="
    },
    "v8-compile-cache-lib": {
      "version": "3.0.1",
      "resolved": "https://raintree-libs-106367354196.d.codeartifact.us-east-1.amazonaws.com/npm/common-ts-libs/v8-compile-cache-lib/-/v8-compile-cache-lib-3.0.1.tgz",
      "integrity": "sha512-wa7YjyUGfNZngI/vtK0UHAN+lgDCxBPCylVXGp0zu59Fz5aiGtNXaq3DhIov063MorB+VfufLh3JlF2KdTK3xg=="
    },
    "yn": {
      "version": "3.1.1",
      "resolved": "https://raintree-libs-106367354196.d.codeartifact.us-east-1.amazonaws.com/npm/common-ts-libs/yn/-/yn-3.1.1.tgz",
      "integrity": "sha512-Ux4ygGWsu2c7isFWe8Yu1YluJmqVhxqK2cLXNQA5AcC3QfbGNpM7fu0Y8b/z16pXLnFxZYvWhd3fhBY9DLmC6Q=="
    }
  }
}
